
Microsoft Visual Studio Solution File, Format Version 12.00
# Visual Studio 15
VisualStudioVersion = 15.0.28307.489
MinimumVisualStudioVersion = 10.0.40219.1
Project("{FAE04EC0-301F-11D3-BF4B-00C04F79EFBC}") = "Angular22Core", "Angular22Core\Angular22Core.csproj", "{60DA1935-9B99-462D-8B57-13951D4CD743}"
EndProject
Global
	GlobalSection(SolutionConfigurationPlatforms) = preSolution
		Debug|Any CPU = Debug|Any CPU
		Release|Any CPU = Release|Any CPU
	EndGlobalSection
	GlobalSection(ProjectConfigurationPlatforms) = postSolution
		{60DA1935-9B99-462D-8B57-13951D4CD743}.Debug|Any CPU.ActiveCfg = Debug|Any CPU
		{60DA1935-9B99-462D-8B57-13951D4CD743}.Debug|Any CPU.Build.0 = Debug|Any CPU
		{60DA1935-9B99-462D-8B57-13951D4CD743}.Release|Any CPU.ActiveCfg = Release|Any CPU
		{60DA1935-9B99-462D-8B57-13951D4CD743}.Release|Any CPU.Build.0 = Release|Any CPU
	EndGlobalSection
	GlobalSection(SolutionProperties) = preSolution
		HideSolutionNode = FALSE
	EndGlobalSection
	GlobalSection(ExtensibilityGlobals) = postSolution
		SolutionGuid = {C2545AB3-2F87-452A-8EBA-853B35416DEF}
	EndGlobalSection
EndGlobal
